// !$*UTF8*$!
{
	archiveVersion = 1;
	classes = {
	};
	objectVersion = 46;
	objects = {

/* Begin PBXBuildFile section */
		A8418CAE1BE9F4C700047512 /* AppDelegate.swift in Sources */ = {isa = PBXBuildFile; fileRef = A8418CAD1BE9F4C700047512 /* AppDelegate.swift */; };
		A8418CB01BE9F4C700047512 /* ViewController.swift in Sources */ = {isa = PBXBuildFile; fileRef = A8418CAF1BE9F4C700047512 /* ViewController.swift */; };
		A8418CB31BE9F4C700047512 /* Main.storyboard in Resources */ = {isa = PBXBuildFile; fileRef = A8418CB11BE9F4C700047512 /* Main.storyboard */; };
		A8418CB51BE9F4C700047512 /* Assets.xcassets in Resources */ = {isa = PBXBuildFile; fileRef = A8418CB41BE9F4C700047512 /* Assets.xcassets */; };
		A8418CB81BE9F4C700047512 /* LaunchScreen.storyboard in Resources */ = {isa = PBXBuildFile; fileRef = A8418CB61BE9F4C700047512 /* LaunchScreen.storyboard */; };
/* End PBXBuildFile section */

/* Begin PBXFileReference section */
		A8418CAA1BE9F4C700047512 /* plistSample2.app */ = {isa = PBXFileReference; explicitFileType = wrapper.application; includeInIndex = 0; path = plistSample2.app; sourceTree = BUILT_PRODUCTS_DIR; };
		A8418CAD1BE9F4C700047512 /* AppDelegate.swift */ = {isa = PBXFileReference; lastKnownFileType = sourcecode.swift; path = AppDelegate.swift; sourceTree = "<group>"; };
		A8418CAF1BE9F4C700047512 /* ViewController.swift */ = {isa = PBXFileReference; lastKnownFileType = sourcecode.swift; path = ViewController.swift; sourceTree = "<group>"; };
		A8418CB21BE9F4C700047512 /* Base */ = {isa = PBXFileReference; lastKnownFileType = file.storyboard; name = Base; path = Base.lproj/Main.storyboard; sourceTree = "<group>"; };
		A8418CB41BE9F4C700047512 /* Assets.xcassets */ = {isa = PBXFileReference; lastKnownFileType = folder.assetcatalog; path = Assets.xcassets; sourceTree = "<group>"; };
		A8418CB71BE9F4C700047512 /* Base */ = {isa = PBXFileReference; lastKnownFileType = file.storyboard; name = Base; path = Base.lproj/LaunchScreen.storyboard; sourceTree = "<group>"; };
		A8418CB91BE9F4C700047512 /* Info.plist */ = {isa = PBXFileReference; lastKnownFileType = text.plist.xml; path = Info.plist; sourceTree = "<group>"; };
/* End PBXFileReference section */

/* Begin PBXFrameworksBuildPhase section */
		A8418CA71BE9F4C700047512 /* Frameworks */ = {
			isa = PBXFrameworksBuildPhase;
			buildActionMask = 2147483647;
			files = (
			);
			runOnlyForDeploymentPostprocessing = 0;
		};
/* End PBXFrameworksBuildPhase section */

/* Begin PBXGroup section */
		A8418CA11BE9F4C700047512 = {
			isa = PBXGroup;
			children = (
				A8418CAC1BE9F4C700047512 /* plistSample2 */,
				A8418CAB1BE9F4C700047512 /* Products */,
			);
			sourceTree = "<group>";
		};
		A8418CAB1BE9F4C700047512 /* Products */ = {
			isa = PBXGroup;
			children = (
				A8418CAA1BE9F4C700047512 /* plistSample2.app */,
			);
			name = Products;
			sourceTree = "<group>";
		};
		A8418CAC1BE9F4C700047512 /* plistSample2 */ = {
			isa = PBXGroup;
			children = (
				A8418CAD1BE9F4C700047512 /* AppDelegate.swift */,
				A8418CAF1BE9F4C700047512 /* ViewController.swift */,
				A8418CB11BE9F4C700047512 /* Main.storyboard */,
				A8418CB41BE9F4C700047512 /* Assets.xcassets */,
				A8418CB61BE9F4C700047512 /* LaunchScreen.storyboard */,
				A8418CB91BE9F4C700047512 /* Info.plist */,
			);
			path = plistSample2;
			sourceTree = "<group>";
		};
/* End PBXGroup section */

/* Begin PBXNativeTarget section */
		A8418CA91BE9F4C700047512 /* plistSample2 */ = {
			isa = PBXNativeTarget;
			buildConfigurationList = A8418CBC1BE9F4C700047512 /* Build configuration list for PBXNativeTarget "plistSample2" */;
			buildPhases = (
				A8418CA61BE9F4C700047512 /* Sources */,
				A8418CA71BE9F4C700047512 /* Frameworks */,
				A8418CA81BE9F4C700047512 /* Resources */,
			);
			buildRules = (
			);
			dependencies = (
			);
			name = plistSample2;
			productName = plistSample2;
			productReference = A8418CAA1BE9F4C700047512 /* plistSample2.app */;
			productType = "com.apple.product-type.application";
		};
/* End PBXNativeTarget section */

/* Begin PBXProject section */
		A8418CA21BE9F4C700047512 /* Project object */ = {
			isa = PBXProject;
			attributes = {
				LastSwiftUpdateCheck = 0710;
				LastUpgradeCheck = 0710;
				ORGANIZATIONNAME = Hayashidesu;
				TargetAttributes = {
					A8418CA91BE9F4C700047512 = {
						CreatedOnToolsVersion = 7.1;
					};
				};
			};
			buildConfigurationList = A8418CA51BE9F4C700047512 /* Build configuration list for PBXProject "plistSample2" */;
			compatibilityVersion = "Xcode 3.2";
			developmentRegion = English;
			hasScannedForEncodings = 0;
			knownRegions = (
				en,
				Base,
			);
			mainGroup = A8418CA11BE9F4C700047512;
			productRefGroup = A8418CAB1BE9F4C700047512 /* Products */;
			projectDirPath = "";
			projectRoot = "";
			targets = (
				A8418CA91BE9F4C700047512 /* plistSample2 */,
			);
		};
/* End PBXProject section */

/* Begin PBXResourcesBuildPhase section */
		A8418CA81BE9F4C700047512 /* Resources */ = {
			isa = PBXResourcesBuildPhase;
			buildActionMask = 2147483647;
			files = (
				A8418CB81BE9F4C700047512 /* LaunchScreen.storyboard in Resources */,
				A8418CB51BE9F4C700047512 /* Assets.xcassets in Resources */,
				A8418CB31BE9F4C700047512 /* Main.storyboard in Resources */,
			);
			runOnlyForDeploymentPostprocessing = 0;
		};
/* End PBXResourcesBuildPhase section */

/* Begin PBXSourcesBuildPhase section */
		A8418CA61BE9F4C700047512 /* Sources */ = {
			isa = PBXSourcesBuildPhase;
			buildActionMask = 2147483647;
			files = (
				A8418CB01BE9F4C700047512 /* ViewController.swift in Sources */,
				A8418CAE1BE9F4C700047512 /* AppDelegate.swift in Sources */,
			);
			runOnlyForDeploymentPostprocessing = 0;
		};
/* End PBXSourcesBuildPhase section */

/* Begin PBXVariantGroup section */
		A8418CB11BE9F4C700047512 /* Main.storyboard */ = {
			isa = PBXVariantGroup;
			children = (
				A8418CB21BE9F4C700047512 /* Base */,
			);
			name = Main.storyboard;
			sourceTree = "<group>";
		};
		A8418CB61BE9F4C700047512 /* LaunchScreen.storyboard */ = {
			isa = PBXVariantGroup;
			children = (
				A8418CB71BE9F4C700047512 /* Base */,
			);
			name = LaunchScreen.storyboard;
			sourceTree = "<group>";
		};
/* End PBXVariantGroup section */

/* Begin XCBuildConfiguration section */
		A8418CBA1BE9F4C700047512 /* Debug */ = {
			isa = XCBuildConfiguration;
			buildSettings = {
				ALWAYS_SEARCH_USER_PATHS = NO;
				CLANG_CXX_LANGUAGE_STANDARD = "gnu++0x";
				CLANG_CXX_LIBRARY = "libc++";
				CLANG_ENABLE_MODULES = YES;
				CLANG_ENABLE_OBJC_ARC = YES;
				CLANG_WARN_BOOL_CONVERSION = YES;
				CLANG_WARN_CONSTANT_CONVERSION = YES;
				CLANG_WARN_DIRECT_OBJC_ISA_USAGE = YES_ERROR;
				CLANG_WARN_EMPTY_BODY = YES;
				CLANG_WARN_ENUM_CONVERSION = YES;
				CLANG_WARN_INT_CONVERSION = YES;
				CLANG_WARN_OBJC_ROOT_CLASS = YES_ERROR;
				CLANG_WARN_UNREACHABLE_CODE = YES;
				CLANG_WARN__DUPLICATE_METHOD_MATCH = YES;
				"CODE_SIGN_IDENTITY[sdk=iphoneos*]" = "iPhone Developer";
				COPY_PHASE_STRIP = NO;
				DEBUG_INFORMATION_FORMAT = dwarf;
				ENABLE_STRICT_OBJC_MSGSEND = YES;
				ENABLE_TESTABILITY = YES;
				GCC_C_LANGUAGE_STANDARD = gnu99;
				GCC_DYNAMIC_NO_PIC = NO;
				GCC_NO_COMMON_BLOCKS = YES;
				GCC_OPTIMIZATION_LEVEL = 0;
				GCC_PREPROCESSOR_DEFINITIONS = (
					"DEBUG=1",
					"$(inherited)",
				);
				GCC_WARN_64_TO_32_BIT_CONVERSION = YES;
				GCC_WARN_ABOUT_RETURN_TYPE = YES_ERROR;
				GCC_WARN_UNDECLARED_SELECTOR = YES;
				GCC_WARN_UNINITIALIZED_AUTOS = YES_AGGRESSIVE;
				GCC_WARN_UNUSED_FUNCTION = YES;
				GCC_WARN_UNUSED_VARIABLE = YES;
				IPHONEOS_DEPLOYMENT_TARGET = 9.1;
				MTL_ENABLE_DEBUG_INFO = YES;
				ONLY_ACTIVE_ARCH = YES;
				SDKROOT = iphoneos;
				SWIFT_OPTIMIZATION_LEVEL = "-Onone";
			};
			name = Debug;
		};
		A8418CBB1BE9F4C700047512 /* Release */ = {
			isa = XCBuildConfiguration;
			buildSettings = {
				ALWAYS_SEARCH_USER_PATHS = NO;
				CLANG_CXX_LANGUAGE_STANDARD = "gnu++0x";
				CLANG_CXX_LIBRARY = "libc++";
				CLANG_ENABLE_MODULES = YES;
				CLANG_ENABLE_OBJC_ARC = YES;
				CLANG_WARN_BOOL_CONVERSION = YES;
				CLANG_WARN_CONSTANT_CONVERSION = YES;
				CLANG_WARN_DIRECT_OBJC_ISA_USAGE = YES_ERROR;
				CLANG_WARN_EMPTY_BODY = YES;
				CLANG_WARN_ENUM_CONVERSION = YES;
				CLANG_WARN_INT_CONVERSION = YES;
				CLANG_WARN_OBJC_ROOT_CLASS = YES_ERROR;
				CLANG_WARN_UNREACHABLE_CODE = YES;
				CLANG_WARN__DUPLICATE_METHOD_MATCH = YES;
				"CODE_SIGN_IDENTITY[sdk=iphoneos*]" = "iPhone Developer";
				COPY_PHASE_STRIP = NO;
				DEBUG_INFORMATION_FORMAT = "dwarf-with-dsym";
				ENABLE_NS_ASSERTIONS = NO;
				ENABLE_STRICT_OBJC_MSGSEND = YES;
				GCC_C_LANGUAGE_STANDARD = gnu99;
				GCC_NO_COMMON_BLOCKS = YES;
				GCC_WARN_64_TO_32_BIT_CONVERSION = YES;
				GCC_WARN_ABOUT_RETURN_TYPE = YES_ERROR;
				GCC_WARN_UNDECLARED_SELECTOR = YES;
				GCC_WARN_UNINITIALIZED_AUTOS = YES_AGGRESSIVE;
				GCC_WARN_UNUSED_FUNCTION = YES;
				GCC_WARN_UNUSED_VARIABLE = YES;
				IPHONEOS_DEPLOYMENT_TARGET = 9.1;
				MTL_ENABLE_DEBUG_INFO = NO;
				SDKROOT = iphoneos;
				VALIDATE_PRODUCT = YES;
			};
			name = Release;
		};
		A8418CBD1BE9F4C700047512 /* Debug */ = {
			isa = XCBuildConfiguration;
			buildSettings = {
				ASSETCATALOG_COMPILER_APPICON_NAME = AppIcon;
				INFOPLIST_FILE = plistSample2/Info.plist;
				LD_RUNPATH_SEARCH_PATHS = "$(inherited) @executable_path/Frameworks";
				PRODUCT_BUNDLE_IDENTIFIER = Hayashidesu.plistSample2;
				PRODUCT_NAME = "$(TARGET_NAME)";
			};
			name = Debug;
		};
		A8418CBE1BE9F4C700047512 /* Release */ = {
			isa = XCBuildConfiguration;
			buildSettings = {
				ASSETCATALOG_COMPILER_APPICON_NAME = AppIcon;
				INFOPLIST_FILE = plistSample2/Info.plist;
				LD_RUNPATH_SEARCH_PATHS = "$(inherited) @executable_path/Frameworks";
				PRODUCT_BUNDLE_IDENTIFIER = Hayashidesu.plistSample2;
				PRODUCT_NAME = "$(TARGET_NAME)";
			};
			name = Release;
		};
/* End XCBuildConfiguration section */

/* Begin XCConfigurationList section */
		A8418CA51BE9F4C700047512 /* Build configuration list for PBXProject "plistSample2" */ = {
			isa = XCConfigurationList;
			buildConfigurations = (
				A8418CBA1BE9F4C700047512 /* Debug */,
				A8418CBB1BE9F4C700047512 /* Release */,
			);
			defaultConfigurationIsVisible = 0;
			defaultConfigurationName = Release;
		};
		A8418CBC1BE9F4C700047512 /* Build configuration list for PBXNativeTarget "plistSample2" */ = {
			isa = XCConfigurationList;
			buildConfigurations = (
				A8418CBD1BE9F4C700047512 /* Debug */,
				A8418CBE1BE9F4C700047512 /* Release */,
			);
			defaultConfigurationIsVisible = 0;
		};
/* End XCConfigurationList section */
	};
	rootObject = A8418CA21BE9F4C700047512 /* Project object */;
}
